{
  "name": "NPM_Utility_Creation",
  "lockfileVersion": 2,
  "requires": true,
  "packages": {
    "": {
      "dependencies": {
        "legally": "^3.5.10"
      }
    },
    "node_modules/legally": {
      "version": "3.5.10",
      "resolved": "https://registry.npmjs.org/legally/-/legally-3.5.10.tgz",
      "integrity": "sha512-8wc15Uue8Cju65dOH1DSuHJJI3LzYqGTPzxUbE77471V03fFtchwSs3Qnb3pNIUMZLdd+a647BT+zWhFRgRLEQ==",
      "bin": {
        "legally": "cli.js"
      },
      "engines": {
        "node": ">=10.0.0"
      },
      "funding": {
        "url": "https://www.paypal.me/franciscopresencia/19"
      }
    }
  },
  "dependencies": {
    "legally": {
      "version": "3.5.10",
      "resolved": "https://registry.npmjs.org/legally/-/legally-3.5.10.tgz",
      "integrity": "sha512-8wc15Uue8Cju65dOH1DSuHJJI3LzYqGTPzxUbE77471V03fFtchwSs3Qnb3pNIUMZLdd+a647BT+zWhFRgRLEQ=="
    }
  }
}
